
Microsoft Visual Studio Solution File, Format Version 12.00
# Visual Studio Version 17
VisualStudioVersion = 17.10.34928.147
MinimumVisualStudioVersion = 10.0.40219.1
Project("{FAE04EC0-301F-11D3-BF4B-00C04F79EFBC}") = "DependencyProperties", "DependencyProperties\DependencyProperties.csproj", "{DCF42EEF-5A38-456C-95E3-AAF3DEA3DC71}"
EndProject
Global
	GlobalSection(SolutionConfigurationPlatforms) = preSolution
		Debug|Any CPU = Debug|Any CPU
		Release|Any CPU = Release|Any CPU
	EndGlobalSection
	GlobalSection(ProjectConfigurationPlatforms) = postSolution
		{DCF42EEF-5A38-456C-95E3-AAF3DEA3DC71}.Debug|Any CPU.ActiveCfg = Debug|Any CPU
		{DCF42EEF-5A38-456C-95E3-AAF3DEA3DC71}.Debug|Any CPU.Build.0 = Debug|Any CPU
		{DCF42EEF-5A38-456C-95E3-AAF3DEA3DC71}.Release|Any CPU.ActiveCfg = Release|Any CPU
		{DCF42EEF-5A38-456C-95E3-AAF3DEA3DC71}.Release|Any CPU.Build.0 = Release|Any CPU
	EndGlobalSection
	GlobalSection(SolutionProperties) = preSolution
		HideSolutionNode = FALSE
	EndGlobalSection
	GlobalSection(ExtensibilityGlobals) = postSolution
		SolutionGuid = {2BD64F09-CF41-4060-A975-E9C7A77C0475}
	EndGlobalSection
EndGlobal
